
Microsoft Visual Studio Solution File, Format Version 12.00
Project("{2150E333-8FDC-42A3-9474-1A3956D46DE8}") = "Services", "Services", "{C2F6C826-CD76-43C9-8DE4-8BBB964162CC}"
EndProject
Project("{2150E333-8FDC-42A3-9474-1A3956D46DE8}") = "Catalog", "Catalog", "{34F00C85-30EE-4ED6-BD00-9258EDD21C5E}"
EndProject
Project("{FAE04EC0-301F-11D3-BF4B-00C04F79EFBC}") = "WatchBuddy.Services.Catalog.API", "Services\Catalog\WatchBuddy.Services.Catalog.API\WatchBuddy.Services.Catalog.API.csproj", "{FB0C7785-8F07-4ABC-9DEE-1742B3D8E71A}"
EndProject
Project("{2150E333-8FDC-42A3-9474-1A3956D46DE8}") = "Shared", "Shared", "{02D9ABD1-D305-41E6-82B6-63F49617B169}"
EndProject
Project("{FAE04EC0-301F-11D3-BF4B-00C04F79EFBC}") = "WatchBuddy.Shared", "Shared\WatchBuddy.Shared\WatchBuddy.Shared.csproj", "{210AA8FB-D572-4461-95ED-47D80EAB017D}"
EndProject
Project("{2150E333-8FDC-42A3-9474-1A3956D46DE8}") = "IdentityServer", "IdentityServer", "{9CC7F5D1-DD1F-4110-8F62-17B9FF16AE69}"
EndProject
Project("{FAE04EC0-301F-11D3-BF4B-00C04F79EFBC}") = "WatchBuddy.IdentityServer.API", "IdentityServer\WatchBuddy.IdentityServer.API\WatchBuddy.IdentityServer.API.csproj", "{D203BF56-1D94-408F-A98E-A008D0F67CB6}"
EndProject
Project("{2150E333-8FDC-42A3-9474-1A3956D46DE8}") = "PhotoStock", "PhotoStock", "{240B0154-7B75-4BA1-A323-6EF8FA468D75}"
EndProject
Project("{FAE04EC0-301F-11D3-BF4B-00C04F79EFBC}") = "WatchBuddy.Services.PhotoStock.API", "Services\PhotoStock\WatchBuddy.Services.PhotoStock.API\WatchBuddy.Services.PhotoStock.API.csproj", "{2D6E1C17-EC32-4E5F-926B-29AF2500B522}"
EndProject
Project("{2150E333-8FDC-42A3-9474-1A3956D46DE8}") = "Basket", "Basket", "{462C1ADE-9A0A-47B5-84F7-726B0F6E5EC1}"
EndProject
Project("{FAE04EC0-301F-11D3-BF4B-00C04F79EFBC}") = "WatchBuddy.Services.Basket.API", "Services\Basket\WatchBuddy.Services.Basket.API\WatchBuddy.Services.Basket.API.csproj", "{59F6A8E0-386B-48C8-845F-2C96219A55E1}"
EndProject
Project("{2150E333-8FDC-42A3-9474-1A3956D46DE8}") = "Discount", "Discount", "{FD4EBCB0-8B36-425F-A7E5-F8BEEF7D6611}"
EndProject
Project("{FAE04EC0-301F-11D3-BF4B-00C04F79EFBC}") = "WatchBuddy.Services.Discount.API", "Services\Discount\WatchBuddy.Services.Discount.API\WatchBuddy.Services.Discount.API.csproj", "{D0C27159-7F51-478D-A0DC-B38EDA422D55}"
EndProject
Project("{2150E333-8FDC-42A3-9474-1A3956D46DE8}") = "Order", "Order", "{90EA08C3-8DC6-4F55-AA4C-079F9D5DA346}"
EndProject
Project("{FAE04EC0-301F-11D3-BF4B-00C04F79EFBC}") = "WatchBuddy.Services.Order.API", "Services\Order\WatchBuddy.Services.Order.API\WatchBuddy.Services.Order.API.csproj", "{FF94372F-D0EC-413A-B572-ADA862977F13}"
EndProject
Project("{FAE04EC0-301F-11D3-BF4B-00C04F79EFBC}") = "WatchBuddy.Services.Order.Domain", "Services\Order\WatchBuddy.Services.Order.Domain\WatchBuddy.Services.Order.Domain.csproj", "{1F26D7EF-EEF6-478D-BC83-0339BB0EC8F1}"
EndProject
Project("{FAE04EC0-301F-11D3-BF4B-00C04F79EFBC}") = "WatchBuddy.Services.Order.Application", "Services\Order\WatchBuddy.Services.Order.Application\WatchBuddy.Services.Order.Application.csproj", "{8ACE1E47-B9E9-4850-BE7B-1C2DEDCAA186}"
EndProject
Project("{FAE04EC0-301F-11D3-BF4B-00C04F79EFBC}") = "WatchBuddy.Services.Order.Domain.Core", "Services\Order\WatchBuddy.Services.Order.Domain.Core\WatchBuddy.Services.Order.Domain.Core.csproj", "{CD87954F-5CBD-42E6-94A8-F26EA9A5E9F5}"
EndProject
Project("{FAE04EC0-301F-11D3-BF4B-00C04F79EFBC}") = "WatchBuddy.Services.Order.Infrastructure", "Services\Order\WatchBuddy.Services.Order.Infrastructure\WatchBuddy.Services.Order.Infrastructure.csproj", "{D41F5223-1159-440D-9DF3-9536F59E3B5D}"
EndProject
Global
	GlobalSection(SolutionConfigurationPlatforms) = preSolution
		Debug|Any CPU = Debug|Any CPU
		Release|Any CPU = Release|Any CPU
	EndGlobalSection
	GlobalSection(NestedProjects) = preSolution
		{34F00C85-30EE-4ED6-BD00-9258EDD21C5E} = {C2F6C826-CD76-43C9-8DE4-8BBB964162CC}
		{FB0C7785-8F07-4ABC-9DEE-1742B3D8E71A} = {34F00C85-30EE-4ED6-BD00-9258EDD21C5E}
		{210AA8FB-D572-4461-95ED-47D80EAB017D} = {02D9ABD1-D305-41E6-82B6-63F49617B169}
		{D203BF56-1D94-408F-A98E-A008D0F67CB6} = {9CC7F5D1-DD1F-4110-8F62-17B9FF16AE69}
		{240B0154-7B75-4BA1-A323-6EF8FA468D75} = {C2F6C826-CD76-43C9-8DE4-8BBB964162CC}
		{2D6E1C17-EC32-4E5F-926B-29AF2500B522} = {240B0154-7B75-4BA1-A323-6EF8FA468D75}
		{462C1ADE-9A0A-47B5-84F7-726B0F6E5EC1} = {C2F6C826-CD76-43C9-8DE4-8BBB964162CC}
		{59F6A8E0-386B-48C8-845F-2C96219A55E1} = {462C1ADE-9A0A-47B5-84F7-726B0F6E5EC1}
		{FD4EBCB0-8B36-425F-A7E5-F8BEEF7D6611} = {C2F6C826-CD76-43C9-8DE4-8BBB964162CC}
		{D0C27159-7F51-478D-A0DC-B38EDA422D55} = {FD4EBCB0-8B36-425F-A7E5-F8BEEF7D6611}
		{90EA08C3-8DC6-4F55-AA4C-079F9D5DA346} = {C2F6C826-CD76-43C9-8DE4-8BBB964162CC}
		{FF94372F-D0EC-413A-B572-ADA862977F13} = {90EA08C3-8DC6-4F55-AA4C-079F9D5DA346}
		{1F26D7EF-EEF6-478D-BC83-0339BB0EC8F1} = {90EA08C3-8DC6-4F55-AA4C-079F9D5DA346}
		{8ACE1E47-B9E9-4850-BE7B-1C2DEDCAA186} = {90EA08C3-8DC6-4F55-AA4C-079F9D5DA346}
		{CD87954F-5CBD-42E6-94A8-F26EA9A5E9F5} = {90EA08C3-8DC6-4F55-AA4C-079F9D5DA346}
		{D41F5223-1159-440D-9DF3-9536F59E3B5D} = {90EA08C3-8DC6-4F55-AA4C-079F9D5DA346}
	EndGlobalSection
	GlobalSection(ProjectConfigurationPlatforms) = postSolution
		{FB0C7785-8F07-4ABC-9DEE-1742B3D8E71A}.Debug|Any CPU.ActiveCfg = Debug|Any CPU
		{FB0C7785-8F07-4ABC-9DEE-1742B3D8E71A}.Debug|Any CPU.Build.0 = Debug|Any CPU
		{FB0C7785-8F07-4ABC-9DEE-1742B3D8E71A}.Release|Any CPU.ActiveCfg = Release|Any CPU
		{FB0C7785-8F07-4ABC-9DEE-1742B3D8E71A}.Release|Any CPU.Build.0 = Release|Any CPU
		{210AA8FB-D572-4461-95ED-47D80EAB017D}.Debug|Any CPU.ActiveCfg = Debug|Any CPU
		{210AA8FB-D572-4461-95ED-47D80EAB017D}.Debug|Any CPU.Build.0 = Debug|Any CPU
		{210AA8FB-D572-4461-95ED-47D80EAB017D}.Release|Any CPU.ActiveCfg = Release|Any CPU
		{210AA8FB-D572-4461-95ED-47D80EAB017D}.Release|Any CPU.Build.0 = Release|Any CPU
		{D203BF56-1D94-408F-A98E-A008D0F67CB6}.Debug|Any CPU.ActiveCfg = Debug|Any CPU
		{D203BF56-1D94-408F-A98E-A008D0F67CB6}.Debug|Any CPU.Build.0 = Debug|Any CPU
		{D203BF56-1D94-408F-A98E-A008D0F67CB6}.Release|Any CPU.ActiveCfg = Release|Any CPU
		{D203BF56-1D94-408F-A98E-A008D0F67CB6}.Release|Any CPU.Build.0 = Release|Any CPU
		{2D6E1C17-EC32-4E5F-926B-29AF2500B522}.Debug|Any CPU.ActiveCfg = Debug|Any CPU
		{2D6E1C17-EC32-4E5F-926B-29AF2500B522}.Debug|Any CPU.Build.0 = Debug|Any CPU
		{2D6E1C17-EC32-4E5F-926B-29AF2500B522}.Release|Any CPU.ActiveCfg = Release|Any CPU
		{2D6E1C17-EC32-4E5F-926B-29AF2500B522}.Release|Any CPU.Build.0 = Release|Any CPU
		{59F6A8E0-386B-48C8-845F-2C96219A55E1}.Debug|Any CPU.ActiveCfg = Debug|Any CPU
		{59F6A8E0-386B-48C8-845F-2C96219A55E1}.Debug|Any CPU.Build.0 = Debug|Any CPU
		{59F6A8E0-386B-48C8-845F-2C96219A55E1}.Release|Any CPU.ActiveCfg = Release|Any CPU
		{59F6A8E0-386B-48C8-845F-2C96219A55E1}.Release|Any CPU.Build.0 = Release|Any CPU
		{D0C27159-7F51-478D-A0DC-B38EDA422D55}.Debug|Any CPU.ActiveCfg = Debug|Any CPU
		{D0C27159-7F51-478D-A0DC-B38EDA422D55}.Debug|Any CPU.Build.0 = Debug|Any CPU
		{D0C27159-7F51-478D-A0DC-B38EDA422D55}.Release|Any CPU.ActiveCfg = Release|Any CPU
		{D0C27159-7F51-478D-A0DC-B38EDA422D55}.Release|Any CPU.Build.0 = Release|Any CPU
		{FF94372F-D0EC-413A-B572-ADA862977F13}.Debug|Any CPU.ActiveCfg = Debug|Any CPU
		{FF94372F-D0EC-413A-B572-ADA862977F13}.Debug|Any CPU.Build.0 = Debug|Any CPU
		{FF94372F-D0EC-413A-B572-ADA862977F13}.Release|Any CPU.ActiveCfg = Release|Any CPU
		{FF94372F-D0EC-413A-B572-ADA862977F13}.Release|Any CPU.Build.0 = Release|Any CPU
		{1F26D7EF-EEF6-478D-BC83-0339BB0EC8F1}.Debug|Any CPU.ActiveCfg = Debug|Any CPU
		{1F26D7EF-EEF6-478D-BC83-0339BB0EC8F1}.Debug|Any CPU.Build.0 = Debug|Any CPU
		{1F26D7EF-EEF6-478D-BC83-0339BB0EC8F1}.Release|Any CPU.ActiveCfg = Release|Any CPU
		{1F26D7EF-EEF6-478D-BC83-0339BB0EC8F1}.Release|Any CPU.Build.0 = Release|Any CPU
		{8ACE1E47-B9E9-4850-BE7B-1C2DEDCAA186}.Debug|Any CPU.ActiveCfg = Debug|Any CPU
		{8ACE1E47-B9E9-4850-BE7B-1C2DEDCAA186}.Debug|Any CPU.Build.0 = Debug|Any CPU
		{8ACE1E47-B9E9-4850-BE7B-1C2DEDCAA186}.Release|Any CPU.ActiveCfg = Release|Any CPU
		{8ACE1E47-B9E9-4850-BE7B-1C2DEDCAA186}.Release|Any CPU.Build.0 = Release|Any CPU
		{CD87954F-5CBD-42E6-94A8-F26EA9A5E9F5}.Debug|Any CPU.ActiveCfg = Debug|Any CPU
		{CD87954F-5CBD-42E6-94A8-F26EA9A5E9F5}.Debug|Any CPU.Build.0 = Debug|Any CPU
		{CD87954F-5CBD-42E6-94A8-F26EA9A5E9F5}.Release|Any CPU.ActiveCfg = Release|Any CPU
		{CD87954F-5CBD-42E6-94A8-F26EA9A5E9F5}.Release|Any CPU.Build.0 = Release|Any CPU
		{D41F5223-1159-440D-9DF3-9536F59E3B5D}.Debug|Any CPU.ActiveCfg = Debug|Any CPU
		{D41F5223-1159-440D-9DF3-9536F59E3B5D}.Debug|Any CPU.Build.0 = Debug|Any CPU
		{D41F5223-1159-440D-9DF3-9536F59E3B5D}.Release|Any CPU.ActiveCfg = Release|Any CPU
		{D41F5223-1159-440D-9DF3-9536F59E3B5D}.Release|Any CPU.Build.0 = Release|Any CPU
	EndGlobalSection
EndGlobal
